<?xml version="1.0" encoding="utf-8"?>
<Project ToolsVersion="4.0" xmlns="http://schemas.microsoft.com/developer/msbuild/2003">
  <ItemGroup>
    <ClCompile Include="SGD Wrappers\CSGD_Direct3D.cpp" />
    <ClCompile Include="SGD Wrappers\CSGD_DirectInput.cpp" />
    <ClCompile Include="SGD Wrappers\CSGD_TextureManager.cpp" />
    <ClCompile Include="SGD Wrappers\SGD_Math.cpp" />
    <ClCompile Include="source\BitmapFont.cpp" />
    <ClCompile Include="source\Camera.cpp" />
    <ClCompile Include="source\FlyText.cpp" />
    <ClCompile Include="source\Game.cpp" />
    <ClCompile Include="source\GUI.cpp" />
    <ClCompile Include="source\WinMain.cpp" />
    <ClCompile Include="tinyxml\tinystr.cpp" />
    <ClCompile Include="tinyxml\tinyxml.cpp" />
    <ClCompile Include="tinyxml\tinyxmlerror.cpp" />
    <ClCompile Include="tinyxml\tinyxmlparser.cpp" />
    <ClCompile Include="GameStates\CreditsState.cpp" />
    <ClCompile Include="GameStates\GamePlayState.cpp" />
    <ClCompile Include="GameStates\MainMenuState.cpp" />
    <ClCompile Include="GameStates\ShopState.cpp" />
    <ClCompile Include="GameStates\OptionsState.cpp" />
    <ClCompile Include="GameObjects\Bullet.cpp" />
    <ClCompile Include="GameObjects\Enemy.cpp" />
    <ClCompile Include="GameObjects\Entity.cpp" />
    <ClCompile Include="GameObjects\Player.cpp" />
    <ClCompile Include="GameObjects\Sapper.cpp" />
    <ClCompile Include="GameObjects\Tank.cpp" />
    <ClCompile Include="GameObjects\Turret.cpp" />
    <ClCompile Include="Event and Messages\CreateBulletMessage.cpp" />
    <ClCompile Include="Event and Messages\DestroyPickupMessage.cpp" />
    <ClCompile Include="Event and Messages\CreateEnemyMessage.cpp" />
    <ClCompile Include="Event and Messages\CreatePickupMessage.cpp" />
    <ClCompile Include="Event and Messages\DestroyBulletMessage.cpp" />
    <ClCompile Include="Event and Messages\DestroyEnemyMessage.cpp" />
    <ClCompile Include="Event and Messages\EventSystem.cpp" />
    <ClCompile Include="Event and Messages\Message.cpp" />
    <ClCompile Include="Event and Messages\MessageSystem.cpp" />
    <ClCompile Include="ObjectManager and Factory\ObjectManager.cpp" />
    <ClCompile Include="Animation\AnimatingObject.cpp" />
    <ClCompile Include="Animation\Animation.cpp" />
    <ClCompile Include="Animation\AnimationManager.cpp" />
    <ClCompile Include="Animation\AnimationVault.cpp" />
    <ClCompile Include="Animation\AnimInfo.cpp" />
    <ClCompile Include="Particle\Particle.cpp" />
    <ClCompile Include="Particle\ParticleManager.cpp" />
    <ClCompile Include="Animation\Frame.cpp" />
    <ClCompile Include="World and Tile\Layer.cpp" />
    <ClCompile Include="World and Tile\TileManager.cpp" />
    <ClCompile Include="World and Tile\Tile.cpp" />
    <ClCompile Include="Particle\Emitter.cpp" />
    <ClCompile Include="PickUps and Specials\AirStrike.cpp" />
    <ClCompile Include="PickUps and Specials\EMP.cpp" />
    <ClCompile Include="PickUps and Specials\Nuke.cpp" />
    <ClCompile Include="PickUps and Specials\Pickup.cpp" />
    <ClCompile Include="PickUps and Specials\Reinforcements.cpp" />
    <ClCompile Include="PickUps and Specials\Smoke.cpp" />
    <ClCompile Include="PickUps and Specials\Special.cpp" />
    <ClCompile Include="GameObjects\Building.cpp" />
  </ItemGroup>
  <ItemGroup>
    <ClInclude Include="SGD Wrappers\CSGD_Direct3D.h" />
    <ClInclude Include="SGD Wrappers\CSGD_DirectInput.h" />
    <ClInclude Include="SGD Wrappers\CSGD_TextureManager.h" />
    <ClInclude Include="SGD Wrappers\SGD_Math.h" />
    <ClInclude Include="SGD Wrappers\SGD_Util.h" />
    <ClInclude Include="tinyxml\tinystr.h" />
    <ClInclude Include="tinyxml\tinyxml.h" />
    <ClInclude Include="Headers\BitmapFont.h" />
    <ClInclude Include="Headers\Camera.h" />
    <ClInclude Include="Headers\FlyText.h" />
    <ClInclude Include="Headers\Game.h" />
    <ClInclude Include="Headers\GUI.h" />
    <ClInclude Include="GameStates\CreditsState.h" />
    <ClInclude Include="GameStates\GamePlayState.h" />
    <ClInclude Include="GameStates\MainMenuState.h" />
    <ClInclude Include="GameStates\OptionsState.h" />
    <ClInclude Include="GameStates\ShopState.h" />
    <ClInclude Include="GameObjects\Bullet.h" />
    <ClInclude Include="GameObjects\Enemy.h" />
    <ClInclude Include="GameObjects\Entity.h" />
    <ClInclude Include="GameObjects\IEntity.h" />
    <ClInclude Include="GameObjects\Sapper.h" />
    <ClInclude Include="GameObjects\Player.h" />
    <ClInclude Include="GameObjects\Tank.h" />
    <ClInclude Include="GameObjects\Turret.h" />
    <ClInclude Include="Event and Messages\CEvent.h" />
    <ClInclude Include="Event and Messages\DestroyPickupMessage.h" />
    <ClInclude Include="Event and Messages\CreateBulletMessage.h" />
    <ClInclude Include="Event and Messages\CreateEnemyMessage.h" />
    <ClInclude Include="Event and Messages\CreatePickupMessage.h" />
    <ClInclude Include="Event and Messages\DestroyBulletMessage.h" />
    <ClInclude Include="Event and Messages\DestroyEnemyMessage.h" />
    <ClInclude Include="Event and Messages\Message.h" />
    <ClInclude Include="Event and Messages\MessageSystem.h" />
    <ClInclude Include="Event and Messages\IListener.h" />
    <ClInclude Include="Event and Messages\EventSystem.h" />
    <ClInclude Include="ObjectManager and Factory\ObjectManager.h" />
    <ClInclude Include="ObjectManager and Factory\ObjectFactory.h" />
    <ClInclude Include="Animation\AnimatingObject.h" />
    <ClInclude Include="Animation\Animation.h" />
    <ClInclude Include="Animation\AnimationManager.h" />
    <ClInclude Include="Animation\AnimationVault.h" />
    <ClInclude Include="Animation\AnimInfo.h" />
    <ClInclude Include="Particle\ParticleManager.h" />
    <ClInclude Include="Particle\Particle.h" />
    <ClInclude Include="GameStates\IGameState.h" />
    <ClInclude Include="Animation\Frame.h" />
    <ClInclude Include="World and Tile\Tile.h" />
    <ClInclude Include="World and Tile\TileManager.h" />
    <ClInclude Include="World and Tile\Layer.h" />
    <ClInclude Include="Particle\Emitter.h" />
    <ClInclude Include="PickUps and Specials\Special.h" />
    <ClInclude Include="PickUps and Specials\Smoke.h" />
    <ClInclude Include="PickUps and Specials\Reinforcements.h" />
    <ClInclude Include="PickUps and Specials\Pickup.h" />
    <ClInclude Include="PickUps and Specials\Nuke.h" />
    <ClInclude Include="PickUps and Specials\EMP.h" />
    <ClInclude Include="PickUps and Specials\AirStrike.h" />
    <ClInclude Include="GameObjects\Building.h" />
  </ItemGroup>
  <ItemGroup>
    <None Include="fmodex.dll" />
  </ItemGroup>
</Project>