<?xml version="1.0" encoding="utf-8"?>
<Project ToolsVersion="4.0" xmlns="http://schemas.microsoft.com/developer/msbuild/2003">
  <ItemGroup>
    <Filter Include="Source Files">
      <UniqueIdentifier>{4FC737F1-C7A5-4376-A066-2A32D752A2FF}</UniqueIdentifier>
      <Extensions>cpp;c;cc;cxx;def;odl;idl;hpj;bat;asm;asmx</Extensions>
    </Filter>
    <Filter Include="Header Files">
      <UniqueIdentifier>{93995380-89BD-4b04-88EB-625FBE52EBFB}</UniqueIdentifier>
      <Extensions>h;hpp;hxx;hm;inl;inc;xsd</Extensions>
    </Filter>
    <Filter Include="Resource Files">
      <UniqueIdentifier>{67DA6AB6-F800-4c08-8B7A-83BB121AAD01}</UniqueIdentifier>
      <Extensions>rc;ico;cur;bmp;dlg;rc2;rct;bin;rgs;gif;jpg;jpeg;jpe;resx;tiff;tif;png;wav;mfcribbon-ms</Extensions>
    </Filter>
  </ItemGroup>
  <ItemGroup>
    <ClCompile Include="source\WinMain.cpp">
      <Filter>Source Files</Filter>
    </ClCompile>
    <ClCompile Include="SGD Wrappers\CSGD_Direct3D.cpp">
      <Filter>Source Files</Filter>
    </ClCompile>
    <ClCompile Include="SGD Wrappers\CSGD_DirectInput.cpp">
      <Filter>Source Files</Filter>
    </ClCompile>
    <ClCompile Include="SGD Wrappers\CSGD_TextureManager.cpp">
      <Filter>Source Files</Filter>
    </ClCompile>
    <ClCompile Include="SGD Wrappers\SGD_Math.cpp">
      <Filter>Source Files</Filter>
    </ClCompile>
    <ClCompile Include="tinyxml\tinystr.cpp">
      <Filter>Source Files</Filter>
    </ClCompile>
    <ClCompile Include="tinyxml\tinyxml.cpp">
      <Filter>Source Files</Filter>
    </ClCompile>
    <ClCompile Include="tinyxml\tinyxmlerror.cpp">
      <Filter>Source Files</Filter>
    </ClCompile>
    <ClCompile Include="tinyxml\tinyxmlparser.cpp">
      <Filter>Source Files</Filter>
    </ClCompile>
    <ClCompile Include="source\Game.cpp">
      <Filter>Source Files</Filter>
    </ClCompile>
    <ClCompile Include="source\CreditsState.cpp">
      <Filter>Source Files</Filter>
    </ClCompile>
    <ClCompile Include="source\BitmapFont.cpp">
      <Filter>Source Files</Filter>
    </ClCompile>
    <ClCompile Include="source\MainMenuState.cpp">
      <Filter>Source Files</Filter>
    </ClCompile>
    <ClCompile Include="source\ShopState.cpp">
      <Filter>Source Files</Filter>
    </ClCompile>
    <ClCompile Include="source\OptionsState.cpp">
      <Filter>Source Files</Filter>
    </ClCompile>
    <ClCompile Include="source\GamePlayState.cpp">
      <Filter>Source Files</Filter>
    </ClCompile>
    <ClCompile Include="source\Building.cpp">
      <Filter>Source Files</Filter>
    </ClCompile>
    <ClCompile Include="source\CreateBulletMessage.cpp">
      <Filter>Source Files</Filter>
    </ClCompile>
    <ClCompile Include="source\CreateEnemyMessage.cpp">
      <Filter>Source Files</Filter>
    </ClCompile>
    <ClCompile Include="source\CreatePickupMessage.cpp">
      <Filter>Source Files</Filter>
    </ClCompile>
    <ClCompile Include="source\DestroyBulletMessage.cpp">
      <Filter>Source Files</Filter>
    </ClCompile>
    <ClCompile Include="source\DestroyEnemyMessage.cpp">
      <Filter>Source Files</Filter>
    </ClCompile>
    <ClCompile Include="source\DestroyPickupMessage.cpp">
      <Filter>Source Files</Filter>
    </ClCompile>
    <ClCompile Include="source\Enemy.cpp">
      <Filter>Source Files</Filter>
    </ClCompile>
    <ClCompile Include="source\Entity.cpp">
      <Filter>Source Files</Filter>
    </ClCompile>
    <ClCompile Include="source\FlyText.cpp">
      <Filter>Source Files</Filter>
    </ClCompile>
    <ClCompile Include="source\Message.cpp">
      <Filter>Source Files</Filter>
    </ClCompile>
    <ClCompile Include="source\MessageSystem.cpp">
      <Filter>Source Files</Filter>
    </ClCompile>
    <ClCompile Include="source\Pickup.cpp">
      <Filter>Source Files</Filter>
    </ClCompile>
    <ClCompile Include="source\Sapper.cpp">
      <Filter>Source Files</Filter>
    </ClCompile>
    <ClCompile Include="source\Tank.cpp">
      <Filter>Source Files</Filter>
    </ClCompile>
    <ClCompile Include="source\Turret.cpp">
      <Filter>Source Files</Filter>
    </ClCompile>
    <ClCompile Include="source\Special.cpp">
      <Filter>Source Files</Filter>
    </ClCompile>
    <ClCompile Include="source\AirStrike.cpp">
      <Filter>Source Files</Filter>
    </ClCompile>
    <ClCompile Include="source\Bullet.cpp">
      <Filter>Source Files</Filter>
    </ClCompile>
    <ClCompile Include="source\Emitter.cpp">
      <Filter>Source Files</Filter>
    </ClCompile>
    <ClCompile Include="source\Particle.cpp">
      <Filter>Source Files</Filter>
    </ClCompile>
    <ClCompile Include="source\ParticleManager.cpp">
      <Filter>Source Files</Filter>
    </ClCompile>
    <ClCompile Include="source\Player.cpp">
      <Filter>Source Files</Filter>
    </ClCompile>
    <ClCompile Include="source\EMP.cpp">
      <Filter>Source Files</Filter>
    </ClCompile>
    <ClCompile Include="source\Nuke.cpp">
      <Filter>Source Files</Filter>
    </ClCompile>
    <ClCompile Include="source\Reinforcements.cpp">
      <Filter>Source Files</Filter>
    </ClCompile>
    <ClCompile Include="source\Smoke.cpp">
      <Filter>Source Files</Filter>
    </ClCompile>
    <ClCompile Include="source\GUI.cpp">
      <Filter>Source Files</Filter>
    </ClCompile>
    <ClCompile Include="source\Animation.cpp">
      <Filter>Source Files</Filter>
    </ClCompile>
    <ClCompile Include="source\AnimationManager.cpp">
      <Filter>Source Files</Filter>
    </ClCompile>
    <ClCompile Include="source\Camera.cpp">
      <Filter>Source Files</Filter>
    </ClCompile>
    <ClCompile Include="source\Frame.cpp">
      <Filter>Source Files</Filter>
    </ClCompile>
    <ClCompile Include="source\Layer.cpp">
      <Filter>Source Files</Filter>
    </ClCompile>
    <ClCompile Include="source\Tile.cpp">
      <Filter>Source Files</Filter>
    </ClCompile>
    <ClCompile Include="source\TileManager.cpp">
      <Filter>Source Files</Filter>
    </ClCompile>
    <ClCompile Include="source\ObjectManager.cpp">
      <Filter>Source Files</Filter>
    </ClCompile>
    <ClCompile Include="source\EventSystem.cpp">
      <Filter>Source Files</Filter>
    </ClCompile>
  </ItemGroup>
  <ItemGroup>
    <ClInclude Include="SGD Wrappers\CSGD_Direct3D.h">
      <Filter>Header Files</Filter>
    </ClInclude>
    <ClInclude Include="SGD Wrappers\CSGD_DirectInput.h">
      <Filter>Header Files</Filter>
    </ClInclude>
    <ClInclude Include="SGD Wrappers\CSGD_TextureManager.h">
      <Filter>Header Files</Filter>
    </ClInclude>
    <ClInclude Include="SGD Wrappers\SGD_Math.h">
      <Filter>Header Files</Filter>
    </ClInclude>
    <ClInclude Include="tinyxml\tinystr.h">
      <Filter>Header Files</Filter>
    </ClInclude>
    <ClInclude Include="tinyxml\tinyxml.h">
      <Filter>Header Files</Filter>
    </ClInclude>
    <ClInclude Include="source\Game.h">
      <Filter>Header Files</Filter>
    </ClInclude>
    <ClInclude Include="SGD Wrappers\SGD_Util.h">
      <Filter>Header Files</Filter>
    </ClInclude>
    <ClInclude Include="source\IGameState.h">
      <Filter>Header Files</Filter>
    </ClInclude>
    <ClInclude Include="source\CreditsState.h">
      <Filter>Header Files</Filter>
    </ClInclude>
    <ClInclude Include="source\BitmapFont.h">
      <Filter>Header Files</Filter>
    </ClInclude>
    <ClInclude Include="source\MainMenuState.h">
      <Filter>Header Files</Filter>
    </ClInclude>
    <ClInclude Include="source\ShopState.h">
      <Filter>Header Files</Filter>
    </ClInclude>
    <ClInclude Include="source\OptionsState.h">
      <Filter>Header Files</Filter>
    </ClInclude>
    <ClInclude Include="source\GamePlayState.h">
      <Filter>Header Files</Filter>
    </ClInclude>
    <ClInclude Include="source\Building.h">
      <Filter>Header Files</Filter>
    </ClInclude>
    <ClInclude Include="source\CreateBulletMessage.h">
      <Filter>Header Files</Filter>
    </ClInclude>
    <ClInclude Include="source\CreateEnemyMessage.h">
      <Filter>Header Files</Filter>
    </ClInclude>
    <ClInclude Include="source\CreatePickupMessage.h">
      <Filter>Header Files</Filter>
    </ClInclude>
    <ClInclude Include="source\DestroyBulletMessage.h">
      <Filter>Header Files</Filter>
    </ClInclude>
    <ClInclude Include="source\DestroyEnemyMessage.h">
      <Filter>Header Files</Filter>
    </ClInclude>
    <ClInclude Include="source\DestroyPickupMessage.h">
      <Filter>Header Files</Filter>
    </ClInclude>
    <ClInclude Include="source\Enemy.h">
      <Filter>Header Files</Filter>
    </ClInclude>
    <ClInclude Include="source\Entity.h">
      <Filter>Header Files</Filter>
    </ClInclude>
    <ClInclude Include="source\FlyText.h">
      <Filter>Header Files</Filter>
    </ClInclude>
    <ClInclude Include="source\IEntity.h">
      <Filter>Header Files</Filter>
    </ClInclude>
    <ClInclude Include="source\Message.h">
      <Filter>Header Files</Filter>
    </ClInclude>
    <ClInclude Include="source\MessageSystem.h">
      <Filter>Header Files</Filter>
    </ClInclude>
    <ClInclude Include="source\Pickup.h">
      <Filter>Header Files</Filter>
    </ClInclude>
    <ClInclude Include="source\Sapper.h">
      <Filter>Header Files</Filter>
    </ClInclude>
    <ClInclude Include="source\Tank.h">
      <Filter>Header Files</Filter>
    </ClInclude>
    <ClInclude Include="source\Turret.h">
      <Filter>Header Files</Filter>
    </ClInclude>
    <ClInclude Include="source\Special.h">
      <Filter>Header Files</Filter>
    </ClInclude>
    <ClInclude Include="source\AirStrike.h">
      <Filter>Header Files</Filter>
    </ClInclude>
    <ClInclude Include="source\Bullet.h">
      <Filter>Header Files</Filter>
    </ClInclude>
    <ClInclude Include="source\Emitter.h">
      <Filter>Header Files</Filter>
    </ClInclude>
    <ClInclude Include="source\Particle.h">
      <Filter>Header Files</Filter>
    </ClInclude>
    <ClInclude Include="source\ParticleManager.h">
      <Filter>Header Files</Filter>
    </ClInclude>
    <ClInclude Include="source\Player.h">
      <Filter>Header Files</Filter>
    </ClInclude>
    <ClInclude Include="source\EMP.h">
      <Filter>Header Files</Filter>
    </ClInclude>
    <ClInclude Include="source\Nuke.h">
      <Filter>Header Files</Filter>
    </ClInclude>
    <ClInclude Include="source\Reinforcements.h">
      <Filter>Header Files</Filter>
    </ClInclude>
    <ClInclude Include="source\Smoke.h">
      <Filter>Header Files</Filter>
    </ClInclude>
    <ClInclude Include="source\GUI.h">
      <Filter>Header Files</Filter>
    </ClInclude>
    <ClInclude Include="source\ObjectFactory.h">
      <Filter>Header Files</Filter>
    </ClInclude>
    <ClInclude Include="source\Animation.h">
      <Filter>Header Files</Filter>
    </ClInclude>
    <ClInclude Include="source\AnimationManager.h">
      <Filter>Header Files</Filter>
    </ClInclude>
    <ClInclude Include="source\Camera.h">
      <Filter>Header Files</Filter>
    </ClInclude>
    <ClInclude Include="source\Frame.h">
      <Filter>Header Files</Filter>
    </ClInclude>
    <ClInclude Include="source\Layer.h">
      <Filter>Header Files</Filter>
    </ClInclude>
    <ClInclude Include="source\Tile.h">
      <Filter>Header Files</Filter>
    </ClInclude>
    <ClInclude Include="source\TileManager.h">
      <Filter>Header Files</Filter>
    </ClInclude>
    <ClInclude Include="source\ObjectManager.h">
      <Filter>Header Files</Filter>
    </ClInclude>
    <ClInclude Include="source\CEvent.h">
      <Filter>Header Files</Filter>
    </ClInclude>
    <ClInclude Include="source\IListener.h">
      <Filter>Header Files</Filter>
    </ClInclude>
    <ClInclude Include="source\EventSystem.h">
      <Filter>Header Files</Filter>
    </ClInclude>
  </ItemGroup>
  <ItemGroup>
    <None Include="fmodex.dll" />
  </ItemGroup>
</Project>